// !$*UTF8*$!
{
	archiveVersion = 1;
	classes = {
	};
	objectVersion = 51;
	objects = {

/* Begin PBXBuildFile section */
		032F983A92B847870B2DCB46 /* Pods_FoodSearchApp.framework in Frameworks */ = {isa = PBXBuildFile; fileRef = E76836DD9BB39A5C58B3D7B7 /* Pods_FoodSearchApp.framework */; };
		21B8FFC3256502C900754216 /* AppView.swift in Sources */ = {isa = PBXBuildFile; fileRef = 21B8FFC2256502C900754216 /* AppView.swift */; };
		21B8FFDD2565205200754216 /* RecipeView.swift in Sources */ = {isa = PBXBuildFile; fileRef = 21B8FFDC2565205200754216 /* RecipeView.swift */; };
		21B8FFE025653D9100754216 /* test.json in Resources */ = {isa = PBXBuildFile; fileRef = 21B8FFDF25653D9100754216 /* test.json */; };
		21B8FFE42565428D00754216 /* Recipes.swift in Sources */ = {isa = PBXBuildFile; fileRef = 21B8FFE32565428D00754216 /* Recipes.swift */; };
		21D93F682564BF72007C48E1 /* FoodSearchAppApp.swift in Sources */ = {isa = PBXBuildFile; fileRef = 21D93F672564BF72007C48E1 /* FoodSearchAppApp.swift */; };
		21D93F6A2564BF72007C48E1 /* ContentView.swift in Sources */ = {isa = PBXBuildFile; fileRef = 21D93F692564BF72007C48E1 /* ContentView.swift */; };
		21D93F6C2564BF73007C48E1 /* Assets.xcassets in Resources */ = {isa = PBXBuildFile; fileRef = 21D93F6B2564BF73007C48E1 /* Assets.xcassets */; };
		21D93F6F2564BF73007C48E1 /* Preview Assets.xcassets in Resources */ = {isa = PBXBuildFile; fileRef = 21D93F6E2564BF73007C48E1 /* Preview Assets.xcassets */; };
		21D93F782564C057007C48E1 /* recipeAPI.swift in Sources */ = {isa = PBXBuildFile; fileRef = 21D93F772564C057007C48E1 /* recipeAPI.swift */; };
		33696B7B256E51B7001DDDB5 /* MyImageClassifier 1.mlmodel in Sources */ = {isa = PBXBuildFile; fileRef = 33696B7A256E51B7001DDDB5 /* MyImageClassifier 1.mlmodel */; };
		33696B93257759EE001DDDB5 /* ShoppingListView.swift in Sources */ = {isa = PBXBuildFile; fileRef = 33696B92257759EE001DDDB5 /* ShoppingListView.swift */; };
		33696B9E257807A7001DDDB5 /* DataStore.swift in Sources */ = {isa = PBXBuildFile; fileRef = 33696B9D257807A7001DDDB5 /* DataStore.swift */; };
		33C2AB4A2567175900A773A0 /* Launch Screen.storyboard in Resources */ = {isa = PBXBuildFile; fileRef = 33C2AB492567175900A773A0 /* Launch Screen.storyboard */; };
/* End PBXBuildFile section */

/* Begin PBXFileReference section */
		21B8FFC2256502C900754216 /* AppView.swift */ = {isa = PBXFileReference; lastKnownFileType = sourcecode.swift; path = AppView.swift; sourceTree = "<group>"; };
		21B8FFDC2565205200754216 /* RecipeView.swift */ = {isa = PBXFileReference; lastKnownFileType = sourcecode.swift; path = RecipeView.swift; sourceTree = "<group>"; };
		21B8FFDF25653D9100754216 /* test.json */ = {isa = PBXFileReference; fileEncoding = 4; lastKnownFileType = text.json; path = test.json; sourceTree = "<group>"; };
		21B8FFE32565428D00754216 /* Recipes.swift */ = {isa = PBXFileReference; lastKnownFileType = sourcecode.swift; path = Recipes.swift; sourceTree = "<group>"; };
		21D93F642564BF72007C48E1 /* Recipe Garage.app */ = {isa = PBXFileReference; explicitFileType = wrapper.application; includeInIndex = 0; path = "Recipe Garage.app"; sourceTree = BUILT_PRODUCTS_DIR; };
		21D93F672564BF72007C48E1 /* FoodSearchAppApp.swift */ = {isa = PBXFileReference; lastKnownFileType = sourcecode.swift; path = FoodSearchAppApp.swift; sourceTree = "<group>"; };
		21D93F692564BF72007C48E1 /* ContentView.swift */ = {isa = PBXFileReference; lastKnownFileType = sourcecode.swift; path = ContentView.swift; sourceTree = "<group>"; };
		21D93F6B2564BF73007C48E1 /* Assets.xcassets */ = {isa = PBXFileReference; lastKnownFileType = folder.assetcatalog; path = Assets.xcassets; sourceTree = "<group>"; };
		21D93F6E2564BF73007C48E1 /* Preview Assets.xcassets */ = {isa = PBXFileReference; lastKnownFileType = folder.assetcatalog; path = "Preview Assets.xcassets"; sourceTree = "<group>"; };
		21D93F702564BF73007C48E1 /* Info.plist */ = {isa = PBXFileReference; lastKnownFileType = text.plist.xml; path = Info.plist; sourceTree = "<group>"; };
		21D93F772564C057007C48E1 /* recipeAPI.swift */ = {isa = PBXFileReference; lastKnownFileType = sourcecode.swift; path = recipeAPI.swift; sourceTree = "<group>"; };
		2BA5690792E29851399F40A6 /* Pods-FoodSearchApp.debug.xcconfig */ = {isa = PBXFileReference; includeInIndex = 1; lastKnownFileType = text.xcconfig; name = "Pods-FoodSearchApp.debug.xcconfig"; path = "Target Support Files/Pods-FoodSearchApp/Pods-FoodSearchApp.debug.xcconfig"; sourceTree = "<group>"; };
		33696B7A256E51B7001DDDB5 /* MyImageClassifier 1.mlmodel */ = {isa = PBXFileReference; lastKnownFileType = file.mlmodel; path = "MyImageClassifier 1.mlmodel"; sourceTree = "<group>"; };
		33696B92257759EE001DDDB5 /* ShoppingListView.swift */ = {isa = PBXFileReference; lastKnownFileType = sourcecode.swift; path = ShoppingListView.swift; sourceTree = "<group>"; };
		33696B9D257807A7001DDDB5 /* DataStore.swift */ = {isa = PBXFileReference; lastKnownFileType = sourcecode.swift; path = DataStore.swift; sourceTree = "<group>"; };
		33C2AB492567175900A773A0 /* Launch Screen.storyboard */ = {isa = PBXFileReference; lastKnownFileType = file.storyboard; path = "Launch Screen.storyboard"; sourceTree = "<group>"; };
		9F9BAACCBA9A7F7A1DD11C8E /* Pods-FoodSearchApp.release.xcconfig */ = {isa = PBXFileReference; includeInIndex = 1; lastKnownFileType = text.xcconfig; name = "Pods-FoodSearchApp.release.xcconfig"; path = "Target Support Files/Pods-FoodSearchApp/Pods-FoodSearchApp.release.xcconfig"; sourceTree = "<group>"; };
		E76836DD9BB39A5C58B3D7B7 /* Pods_FoodSearchApp.framework */ = {isa = PBXFileReference; explicitFileType = wrapper.framework; includeInIndex = 0; path = Pods_FoodSearchApp.framework; sourceTree = BUILT_PRODUCTS_DIR; };
/* End PBXFileReference section */

/* Begin PBXFrameworksBuildPhase section */
		21D93F612564BF72007C48E1 /* Frameworks */ = {
			isa = PBXFrameworksBuildPhase;
			buildActionMask = 2147483647;
			files = (
				032F983A92B847870B2DCB46 /* Pods_FoodSearchApp.framework in Frameworks */,
			);
			runOnlyForDeploymentPostprocessing = 0;
		};
/* End PBXFrameworksBuildPhase section */

/* Begin PBXGroup section */
		21B8FFBE2565007A00754216 /* View */ = {
			isa = PBXGroup;
			children = (
				21D93F692564BF72007C48E1 /* ContentView.swift */,
				21B8FFC2256502C900754216 /* AppView.swift */,
				21B8FFDC2565205200754216 /* RecipeView.swift */,
				33696B92257759EE001DDDB5 /* ShoppingListView.swift */,
			);
			path = View;
			sourceTree = "<group>";
		};
		21B8FFE22565427A00754216 /* Model */ = {
			isa = PBXGroup;
			children = (
				33696B9D257807A7001DDDB5 /* DataStore.swift */,
				21B8FFE32565428D00754216 /* Recipes.swift */,
			);
			path = Model;
			sourceTree = "<group>";
		};
		21D93F5B2564BF71007C48E1 = {
			isa = PBXGroup;
			children = (
				21D93F662564BF72007C48E1 /* Recipe Garage */,
				21D93F652564BF72007C48E1 /* Products */,
				64100C199DBBBD6708088130 /* Pods */,
				A23A26EAB2A7BA1B36FEFCAA /* Frameworks */,
			);
			sourceTree = "<group>";
		};
		21D93F652564BF72007C48E1 /* Products */ = {
			isa = PBXGroup;
			children = (
				21D93F642564BF72007C48E1 /* Recipe Garage.app */,
			);
			name = Products;
			sourceTree = "<group>";
		};
		21D93F662564BF72007C48E1 /* Recipe Garage */ = {
			isa = PBXGroup;
			children = (
				21B8FFE22565427A00754216 /* Model */,
				21B8FFBE2565007A00754216 /* View */,
				21D93F672564BF72007C48E1 /* FoodSearchAppApp.swift */,
				21D93F772564C057007C48E1 /* recipeAPI.swift */,
				33696B7A256E51B7001DDDB5 /* MyImageClassifier 1.mlmodel */,
				21D93F702564BF73007C48E1 /* Info.plist */,
				21B8FFDF25653D9100754216 /* test.json */,
				21D93F6D2564BF73007C48E1 /* Preview Content */,
				33C2AB492567175900A773A0 /* Launch Screen.storyboard */,
				21D93F6B2564BF73007C48E1 /* Assets.xcassets */,
			);
			path = "Recipe Garage";
			sourceTree = "<group>";
		};
		21D93F6D2564BF73007C48E1 /* Preview Content */ = {
			isa = PBXGroup;
			children = (
				21D93F6E2564BF73007C48E1 /* Preview Assets.xcassets */,
			);
			path = "Preview Content";
			sourceTree = "<group>";
		};
		64100C199DBBBD6708088130 /* Pods */ = {
			isa = PBXGroup;
			children = (
				2BA5690792E29851399F40A6 /* Pods-FoodSearchApp.debug.xcconfig */,
				9F9BAACCBA9A7F7A1DD11C8E /* Pods-FoodSearchApp.release.xcconfig */,
			);
			path = Pods;
			sourceTree = "<group>";
		};
		A23A26EAB2A7BA1B36FEFCAA /* Frameworks */ = {
			isa = PBXGroup;
			children = (
				E76836DD9BB39A5C58B3D7B7 /* Pods_FoodSearchApp.framework */,
			);
			name = Frameworks;
			sourceTree = "<group>";
		};
/* End PBXGroup section */

/* Begin PBXNativeTarget section */
		21D93F632564BF72007C48E1 /* Recipe Garage */ = {
			isa = PBXNativeTarget;
			buildConfigurationList = 21D93F732564BF73007C48E1 /* Build configuration list for PBXNativeTarget "Recipe Garage" */;
			buildPhases = (
				2A387CA026223BE3F5B08D0D /* [CP] Check Pods Manifest.lock */,
				21D93F602564BF72007C48E1 /* Sources */,
				21D93F612564BF72007C48E1 /* Frameworks */,
				21D93F622564BF72007C48E1 /* Resources */,
				430AE31D6EECDA632AB3852C /* [CP] Embed Pods Frameworks */,
			);
			buildRules = (
			);
			dependencies = (
			);
			name = "Recipe Garage";
			productName = FoodSearchApp;
			productReference = 21D93F642564BF72007C48E1 /* Recipe Garage.app */;
			productType = "com.apple.product-type.application";
		};
/* End PBXNativeTarget section */

/* Begin PBXProject section */
		21D93F5C2564BF71007C48E1 /* Project object */ = {
			isa = PBXProject;
			attributes = {
				LastSwiftUpdateCheck = 1220;
				LastUpgradeCheck = 1220;
				TargetAttributes = {
					21D93F632564BF72007C48E1 = {
						CreatedOnToolsVersion = 12.2;
					};
				};
			};
			buildConfigurationList = 21D93F5F2564BF71007C48E1 /* Build configuration list for PBXProject "Recipe Garage" */;
			compatibilityVersion = "Xcode 9.3";
			developmentRegion = en;
			hasScannedForEncodings = 0;
			knownRegions = (
				en,
				Base,
			);
			mainGroup = 21D93F5B2564BF71007C48E1;
			productRefGroup = 21D93F652564BF72007C48E1 /* Products */;
			projectDirPath = "";
			projectRoot = "";
			targets = (
				21D93F632564BF72007C48E1 /* Recipe Garage */,
			);
		};
/* End PBXProject section */

/* Begin PBXResourcesBuildPhase section */
		21D93F622564BF72007C48E1 /* Resources */ = {
			isa = PBXResourcesBuildPhase;
			buildActionMask = 2147483647;
			files = (
				21D93F6F2564BF73007C48E1 /* Preview Assets.xcassets in Resources */,
				21D93F6C2564BF73007C48E1 /* Assets.xcassets in Resources */,
				33C2AB4A2567175900A773A0 /* Launch Screen.storyboard in Resources */,
				21B8FFE025653D9100754216 /* test.json in Resources */,
			);
			runOnlyForDeploymentPostprocessing = 0;
		};
/* End PBXResourcesBuildPhase section */

/* Begin PBXShellScriptBuildPhase section */
		2A387CA026223BE3F5B08D0D /* [CP] Check Pods Manifest.lock */ = {
			isa = PBXShellScriptBuildPhase;
			buildActionMask = 2147483647;
			files = (
			);
			inputFileListPaths = (
			);
			inputPaths = (
				"${PODS_PODFILE_DIR_PATH}/Podfile.lock",
				"${PODS_ROOT}/Manifest.lock",
			);
			name = "[CP] Check Pods Manifest.lock";
			outputFileListPaths = (
			);
			outputPaths = (
				"$(DERIVED_FILE_DIR)/Pods-FoodSearchApp-checkManifestLockResult.txt",
			);
			runOnlyForDeploymentPostprocessing = 0;
			shellPath = /bin/sh;
			shellScript = "diff \"${PODS_PODFILE_DIR_PATH}/Podfile.lock\" \"${PODS_ROOT}/Manifest.lock\" > /dev/null\nif [ $? != 0 ] ; then\n    # print error to STDERR\n    echo \"error: The sandbox is not in sync with the Podfile.lock. Run 'pod install' or update your CocoaPods installation.\" >&2\n    exit 1\nfi\n# This output is used by Xcode 'outputs' to avoid re-running this script phase.\necho \"SUCCESS\" > \"${SCRIPT_OUTPUT_FILE_0}\"\n";
			showEnvVarsInLog = 0;
		};
		430AE31D6EECDA632AB3852C /* [CP] Embed Pods Frameworks */ = {
			isa = PBXShellScriptBuildPhase;
			buildActionMask = 2147483647;
			files = (
			);
			inputFileListPaths = (
				"${PODS_ROOT}/Target Support Files/Pods-FoodSearchApp/Pods-FoodSearchApp-frameworks-${CONFIGURATION}-input-files.xcfilelist",
			);
			name = "[CP] Embed Pods Frameworks";
			outputFileListPaths = (
				"${PODS_ROOT}/Target Support Files/Pods-FoodSearchApp/Pods-FoodSearchApp-frameworks-${CONFIGURATION}-output-files.xcfilelist",
			);
			runOnlyForDeploymentPostprocessing = 0;
			shellPath = /bin/sh;
			shellScript = "\"${PODS_ROOT}/Target Support Files/Pods-FoodSearchApp/Pods-FoodSearchApp-frameworks.sh\"\n";
			showEnvVarsInLog = 0;
		};
/* End PBXShellScriptBuildPhase section */

/* Begin PBXSourcesBuildPhase section */
		21D93F602564BF72007C48E1 /* Sources */ = {
			isa = PBXSourcesBuildPhase;
			buildActionMask = 2147483647;
			files = (
				33696B93257759EE001DDDB5 /* ShoppingListView.swift in Sources */,
				21B8FFC3256502C900754216 /* AppView.swift in Sources */,
				33696B7B256E51B7001DDDB5 /* MyImageClassifier 1.mlmodel in Sources */,
				21B8FFE42565428D00754216 /* Recipes.swift in Sources */,
				21D93F782564C057007C48E1 /* recipeAPI.swift in Sources */,
				21D93F6A2564BF72007C48E1 /* ContentView.swift in Sources */,
				21D93F682564BF72007C48E1 /* FoodSearchAppApp.swift in Sources */,
				33696B9E257807A7001DDDB5 /* DataStore.swift in Sources */,
				21B8FFDD2565205200754216 /* RecipeView.swift in Sources */,
			);
			runOnlyForDeploymentPostprocessing = 0;
		};
/* End PBXSourcesBuildPhase section */

/* Begin XCBuildConfiguration section */
		21D93F712564BF73007C48E1 /* Debug */ = {
			isa = XCBuildConfiguration;
			buildSettings = {
				ALWAYS_SEARCH_USER_PATHS = NO;
				CLANG_ANALYZER_NONNULL = YES;
				CLANG_ANALYZER_NUMBER_OBJECT_CONVERSION = YES_AGGRESSIVE;
				CLANG_CXX_LANGUAGE_STANDARD = "gnu++14";
				CLANG_CXX_LIBRARY = "libc++";
				CLANG_ENABLE_MODULES = YES;
				CLANG_ENABLE_OBJC_ARC = YES;
				CLANG_ENABLE_OBJC_WEAK = YES;
				CLANG_WARN_BLOCK_CAPTURE_AUTORELEASING = YES;
				CLANG_WARN_BOOL_CONVERSION = YES;
				CLANG_WARN_COMMA = YES;
				CLANG_WARN_CONSTANT_CONVERSION = YES;
				CLANG_WARN_DEPRECATED_OBJC_IMPLEMENTATIONS = YES;
				CLANG_WARN_DIRECT_OBJC_ISA_USAGE = YES_ERROR;
				CLANG_WARN_DOCUMENTATION_COMMENTS = YES;
				CLANG_WARN_EMPTY_BODY = YES;
				CLANG_WARN_ENUM_CONVERSION = YES;
				CLANG_WARN_INFINITE_RECURSION = YES;
				CLANG_WARN_INT_CONVERSION = YES;
				CLANG_WARN_NON_LITERAL_NULL_CONVERSION = YES;
				CLANG_WARN_OBJC_IMPLICIT_RETAIN_SELF = YES;
				CLANG_WARN_OBJC_LITERAL_CONVERSION = YES;
				CLANG_WARN_OBJC_ROOT_CLASS = YES_ERROR;
				CLANG_WARN_QUOTED_INCLUDE_IN_FRAMEWORK_HEADER = YES;
				CLANG_WARN_RANGE_LOOP_ANALYSIS = YES;
				CLANG_WARN_STRICT_PROTOTYPES = YES;
				CLANG_WARN_SUSPICIOUS_MOVE = YES;
				CLANG_WARN_UNGUARDED_AVAILABILITY = YES_AGGRESSIVE;
				CLANG_WARN_UNREACHABLE_CODE = YES;
				CLANG_WARN__DUPLICATE_METHOD_MATCH = YES;
				COPY_PHASE_STRIP = NO;
				DEBUG_INFORMATION_FORMAT = dwarf;
				ENABLE_STRICT_OBJC_MSGSEND = YES;
				ENABLE_TESTABILITY = YES;
				GCC_C_LANGUAGE_STANDARD = gnu11;
				GCC_DYNAMIC_NO_PIC = NO;
				GCC_NO_COMMON_BLOCKS = YES;
				GCC_OPTIMIZATION_LEVEL = 0;
				GCC_PREPROCESSOR_DEFINITIONS = (
					"DEBUG=1",
					"$(inherited)",
				);
				GCC_WARN_64_TO_32_BIT_CONVERSION = YES;
				GCC_WARN_ABOUT_RETURN_TYPE = YES_ERROR;
				GCC_WARN_UNDECLARED_SELECTOR = YES;
				GCC_WARN_UNINITIALIZED_AUTOS = YES_AGGRESSIVE;
				GCC_WARN_UNUSED_FUNCTION = YES;
				GCC_WARN_UNUSED_VARIABLE = YES;
				IPHONEOS_DEPLOYMENT_TARGET = 14.2;
				MTL_ENABLE_DEBUG_INFO = INCLUDE_SOURCE;
				MTL_FAST_MATH = YES;
				ONLY_ACTIVE_ARCH = YES;
				SDKROOT = iphoneos;
				SWIFT_ACTIVE_COMPILATION_CONDITIONS = DEBUG;
				SWIFT_OPTIMIZATION_LEVEL = "-Onone";
			};
			name = Debug;
		};
		21D93F722564BF73007C48E1 /* Release */ = {
			isa = XCBuildConfiguration;
			buildSettings = {
				ALWAYS_SEARCH_USER_PATHS = NO;
				CLANG_ANALYZER_NONNULL = YES;
				CLANG_ANALYZER_NUMBER_OBJECT_CONVERSION = YES_AGGRESSIVE;
				CLANG_CXX_LANGUAGE_STANDARD = "gnu++14";
				CLANG_CXX_LIBRARY = "libc++";
				CLANG_ENABLE_MODULES = YES;
				CLANG_ENABLE_OBJC_ARC = YES;
				CLANG_ENABLE_OBJC_WEAK = YES;
				CLANG_WARN_BLOCK_CAPTURE_AUTORELEASING = YES;
				CLANG_WARN_BOOL_CONVERSION = YES;
				CLANG_WARN_COMMA = YES;
				CLANG_WARN_CONSTANT_CONVERSION = YES;
				CLANG_WARN_DEPRECATED_OBJC_IMPLEMENTATIONS = YES;
				CLANG_WARN_DIRECT_OBJC_ISA_USAGE = YES_ERROR;
				CLANG_WARN_DOCUMENTATION_COMMENTS = YES;
				CLANG_WARN_EMPTY_BODY = YES;
				CLANG_WARN_ENUM_CONVERSION = YES;
				CLANG_WARN_INFINITE_RECURSION = YES;
				CLANG_WARN_INT_CONVERSION = YES;
				CLANG_WARN_NON_LITERAL_NULL_CONVERSION = YES;
				CLANG_WARN_OBJC_IMPLICIT_RETAIN_SELF = YES;
				CLANG_WARN_OBJC_LITERAL_CONVERSION = YES;
				CLANG_WARN_OBJC_ROOT_CLASS = YES_ERROR;
				CLANG_WARN_QUOTED_INCLUDE_IN_FRAMEWORK_HEADER = YES;
				CLANG_WARN_RANGE_LOOP_ANALYSIS = YES;
				CLANG_WARN_STRICT_PROTOTYPES = YES;
				CLANG_WARN_SUSPICIOUS_MOVE = YES;
				CLANG_WARN_UNGUARDED_AVAILABILITY = YES_AGGRESSIVE;
				CLANG_WARN_UNREACHABLE_CODE = YES;
				CLANG_WARN__DUPLICATE_METHOD_MATCH = YES;
				COPY_PHASE_STRIP = NO;
				DEBUG_INFORMATION_FORMAT = "dwarf-with-dsym";
				ENABLE_NS_ASSERTIONS = NO;
				ENABLE_STRICT_OBJC_MSGSEND = YES;
				GCC_C_LANGUAGE_STANDARD = gnu11;
				GCC_NO_COMMON_BLOCKS = YES;
				GCC_WARN_64_TO_32_BIT_CONVERSION = YES;
				GCC_WARN_ABOUT_RETURN_TYPE = YES_ERROR;
				GCC_WARN_UNDECLARED_SELECTOR = YES;
				GCC_WARN_UNINITIALIZED_AUTOS = YES_AGGRESSIVE;
				GCC_WARN_UNUSED_FUNCTION = YES;
				GCC_WARN_UNUSED_VARIABLE = YES;
				IPHONEOS_DEPLOYMENT_TARGET = 14.2;
				MTL_ENABLE_DEBUG_INFO = NO;
				MTL_FAST_MATH = YES;
				SDKROOT = iphoneos;
				SWIFT_COMPILATION_MODE = wholemodule;
				SWIFT_OPTIMIZATION_LEVEL = "-O";
				VALIDATE_PRODUCT = YES;
			};
			name = Release;
		};
		21D93F742564BF73007C48E1 /* Debug */ = {
			isa = XCBuildConfiguration;
			baseConfigurationReference = 2BA5690792E29851399F40A6 /* Pods-FoodSearchApp.debug.xcconfig */;
			buildSettings = {
				ASSETCATALOG_COMPILER_APPICON_NAME = AppIcon;
				ASSETCATALOG_COMPILER_GLOBAL_ACCENT_COLOR_NAME = AccentColor;
				CODE_SIGN_STYLE = Automatic;
				DEVELOPMENT_ASSET_PATHS = "\"Recipe Garage/Preview Content\"";
				DEVELOPMENT_TEAM = YZF987JXA4;
				ENABLE_PREVIEWS = YES;
				INFOPLIST_FILE = "$(SRCROOT)/Recipe Garage/Info.plist";
				IPHONEOS_DEPLOYMENT_TARGET = 14.0;
				LD_RUNPATH_SEARCH_PATHS = (
					"$(inherited)",
					"@executable_path/Frameworks",
				);
				PRODUCT_BUNDLE_IDENTIFIER = com.PYJY.lanjin.FoodSearchApp;
				PRODUCT_NAME = "$(TARGET_NAME)";
				SWIFT_VERSION = 5.0;
				TARGETED_DEVICE_FAMILY = "1,2";
			};
			name = Debug;
		};
		21D93F752564BF73007C48E1 /* Release */ = {
			isa = XCBuildConfiguration;
			baseConfigurationReference = 9F9BAACCBA9A7F7A1DD11C8E /* Pods-FoodSearchApp.release.xcconfig */;
			buildSettings = {
				ASSETCATALOG_COMPILER_APPICON_NAME = AppIcon;
				ASSETCATALOG_COMPILER_GLOBAL_ACCENT_COLOR_NAME = AccentColor;
				CODE_SIGN_STYLE = Automatic;
				DEVELOPMENT_ASSET_PATHS = "\"Recipe Garage/Preview Content\"";
				DEVELOPMENT_TEAM = YZF987JXA4;
				ENABLE_PREVIEWS = YES;
				INFOPLIST_FILE = "$(SRCROOT)/Recipe Garage/Info.plist";
				IPHONEOS_DEPLOYMENT_TARGET = 14.0;
				LD_RUNPATH_SEARCH_PATHS = (
					"$(inherited)",
					"@executable_path/Frameworks",
				);
				PRODUCT_BUNDLE_IDENTIFIER = com.PYJY.lanjin.FoodSearchApp;
				PRODUCT_NAME = "$(TARGET_NAME)";
				SWIFT_VERSION = 5.0;
				TARGETED_DEVICE_FAMILY = "1,2";
			};
			name = Release;
		};
/* End XCBuildConfiguration section */

/* Begin XCConfigurationList section */
		21D93F5F2564BF71007C48E1 /* Build configuration list for PBXProject "Recipe Garage" */ = {
			isa = XCConfigurationList;
			buildConfigurations = (
				21D93F712564BF73007C48E1 /* Debug */,
				21D93F722564BF73007C48E1 /* Release */,
			);
			defaultConfigurationIsVisible = 0;
			defaultConfigurationName = Release;
		};
		21D93F732564BF73007C48E1 /* Build configuration list for PBXNativeTarget "Recipe Garage" */ = {
			isa = XCConfigurationList;
			buildConfigurations = (
				21D93F742564BF73007C48E1 /* Debug */,
				21D93F752564BF73007C48E1 /* Release */,
			);
			defaultConfigurationIsVisible = 0;
			defaultConfigurationName = Release;
		};
/* End XCConfigurationList section */
	};
	rootObject = 21D93F5C2564BF71007C48E1 /* Project object */;
}
